github.com/hasanashik/dog v0.0.0-20250416055128-3f4fffacce9e h1:/u9OBlMbBKAUzYQeI9qYTIsnsa7e3h26AKiE4nVSuEI=
github.com/hasanashik/dog v0.0.0-20250416055128-3f4fffacce9e/go.mod h1:2CFHRBVGaT/Z5W8v0hl4rRWDqAvCUOgm+7yW4/bOOR8=
github.com/hasanashik/dog v1.2.1 h1:gEZLBNCD5nKNJqfjKbQtxXoI4UPKGM/PG8dFBhYmDn8=
github.com/hasanashik/dog v1.2.1/go.mod h1:2CFHRBVGaT/Z5W8v0hl4rRWDqAvCUOgm+7yW4/bOOR8=
